PODS:
  - JTAppleCalendar (5.0.1)
  - Realm (2.0.2):
    - Realm/Headers (= 2.0.2)
  - Realm/Headers (2.0.2)
  - RealmSwift (2.0.2):
    - Realm (= 2.0.2)

DEPENDENCIES:
  - JTAppleCalendar (from `https://github.com/patchthecode/JTAppleCalendar.git`, branch `DynamicGeneration`)
  - RealmSwift

EXTERNAL SOURCES:
  JTAppleCalendar:
    :branch: DynamicGeneration
    :git: https://github.com/patchthecode/JTAppleCalendar.git

CHECKOUT OPTIONS:
  JTAppleCalendar:
    :commit: 914c5d1f50c9b77a459b49dd8b4515c03546fdfb
    :git: https://github.com/patchthecode/JTAppleCalendar.git

SPEC CHECKSUMS:
  JTAppleCalendar: cb2417b1f3367d1993e31720a663646742139a5c
  Realm: 0f5a194af0b7e6158b83db41b4ee1a00be7ddf1a
  RealmSwift: 0eb5070d851cba7c66e841ca756d83609dc78bc8

PODFILE CHECKSUM: fca92edd10925d67f9522e9f0ad00855a05470d2

COCOAPODS: 1.0.1
