// !$*UTF8*$!
{
	archiveVersion = 1;
	classes = {
	};
	objectVersion = 46;
	objects = {

/* Begin PBXBuildFile section */
		69907DDC1DA6DE28000A4936 /* AppDelegate.swift in Sources */ = {isa = PBXBuildFile; fileRef = 69907DDB1DA6DE28000A4936 /* AppDelegate.swift */; };
		69907DDE1DA6DE28000A4936 /* ViewController.swift in Sources */ = {isa = PBXBuildFile; fileRef = 69907DDD1DA6DE28000A4936 /* ViewController.swift */; };
		69907DE11DA6DE28000A4936 /* Main.storyboard in Resources */ = {isa = PBXBuildFile; fileRef = 69907DDF1DA6DE28000A4936 /* Main.storyboard */; };
		69907DE41DA6DE28000A4936 /* HabitReminder.xcdatamodeld in Sources */ = {isa = PBXBuildFile; fileRef = 69907DE21DA6DE28000A4936 /* HabitReminder.xcdatamodeld */; };
		69907DE61DA6DE28000A4936 /* Assets.xcassets in Resources */ = {isa = PBXBuildFile; fileRef = 69907DE51DA6DE28000A4936 /* Assets.xcassets */; };
		69907DE91DA6DE28000A4936 /* LaunchScreen.storyboard in Resources */ = {isa = PBXBuildFile; fileRef = 69907DE71DA6DE28000A4936 /* LaunchScreen.storyboard */; };
/* End PBXBuildFile section */

/* Begin PBXFileReference section */
		69907DD81DA6DE28000A4936 /* HabitReminder.app */ = {isa = PBXFileReference; explicitFileType = wrapper.application; includeInIndex = 0; path = HabitReminder.app; sourceTree = BUILT_PRODUCTS_DIR; };
		69907DDB1DA6DE28000A4936 /* AppDelegate.swift */ = {isa = PBXFileReference; lastKnownFileType = sourcecode.swift; path = AppDelegate.swift; sourceTree = "<group>"; };
		69907DDD1DA6DE28000A4936 /* ViewController.swift */ = {isa = PBXFileReference; lastKnownFileType = sourcecode.swift; path = ViewController.swift; sourceTree = "<group>"; };
		69907DE01DA6DE28000A4936 /* Base */ = {isa = PBXFileReference; lastKnownFileType = file.storyboard; name = Base; path = Base.lproj/Main.storyboard; sourceTree = "<group>"; };
		69907DE31DA6DE28000A4936 /* HabitReminder.xcdatamodel */ = {isa = PBXFileReference; lastKnownFileType = wrapper.xcdatamodel; path = HabitReminder.xcdatamodel; sourceTree = "<group>"; };
		69907DE51DA6DE28000A4936 /* Assets.xcassets */ = {isa = PBXFileReference; lastKnownFileType = folder.assetcatalog; path = Assets.xcassets; sourceTree = "<group>"; };
		69907DE81DA6DE28000A4936 /* Base */ = {isa = PBXFileReference; lastKnownFileType = file.storyboard; name = Base; path = Base.lproj/LaunchScreen.storyboard; sourceTree = "<group>"; };
		69907DEA1DA6DE28000A4936 /* Info.plist */ = {isa = PBXFileReference; lastKnownFileType = text.plist.xml; path = Info.plist; sourceTree = "<group>"; };
/* End PBXFileReference section */

/* Begin PBXFrameworksBuildPhase section */
		69907DD51DA6DE27000A4936 /* Frameworks */ = {
			isa = PBXFrameworksBuildPhase;
			buildActionMask = 2147483647;
			files = (
			);
			runOnlyForDeploymentPostprocessing = 0;
		};
/* End PBXFrameworksBuildPhase section */

/* Begin PBXGroup section */
		69907DCF1DA6DE27000A4936 = {
			isa = PBXGroup;
			children = (
				69907DDA1DA6DE28000A4936 /* HabitReminder */,
				69907DD91DA6DE28000A4936 /* Products */,
			);
			sourceTree = "<group>";
		};
		69907DD91DA6DE28000A4936 /* Products */ = {
			isa = PBXGroup;
			children = (
				69907DD81DA6DE28000A4936 /* HabitReminder.app */,
			);
			name = Products;
			sourceTree = "<group>";
		};
		69907DDA1DA6DE28000A4936 /* HabitReminder */ = {
			isa = PBXGroup;
			children = (
				69907DDB1DA6DE28000A4936 /* AppDelegate.swift */,
				69907DDD1DA6DE28000A4936 /* ViewController.swift */,
				69907DDF1DA6DE28000A4936 /* Main.storyboard */,
				69907DE51DA6DE28000A4936 /* Assets.xcassets */,
				69907DE71DA6DE28000A4936 /* LaunchScreen.storyboard */,
				69907DEA1DA6DE28000A4936 /* Info.plist */,
				69907DE21DA6DE28000A4936 /* HabitReminder.xcdatamodeld */,
			);
			path = HabitReminder;
			sourceTree = "<group>";
		};
/* End PBXGroup section */

/* Begin PBXNativeTarget section */
		69907DD71DA6DE27000A4936 /* HabitReminder */ = {
			isa = PBXNativeTarget;
			buildConfigurationList = 69907DED1DA6DE28000A4936 /* Build configuration list for PBXNativeTarget "HabitReminder" */;
			buildPhases = (
				69907DD41DA6DE27000A4936 /* Sources */,
				69907DD51DA6DE27000A4936 /* Frameworks */,
				69907DD61DA6DE27000A4936 /* Resources */,
			);
			buildRules = (
			);
			dependencies = (
			);
			name = HabitReminder;
			productName = HabitReminder;
			productReference = 69907DD81DA6DE28000A4936 /* HabitReminder.app */;
			productType = "com.apple.product-type.application";
		};
/* End PBXNativeTarget section */

/* Begin PBXProject section */
		69907DD01DA6DE27000A4936 /* Project object */ = {
			isa = PBXProject;
			attributes = {
				LastSwiftUpdateCheck = 0800;
				LastUpgradeCheck = 0800;
				ORGANIZATIONNAME = "jay★";
				TargetAttributes = {
					69907DD71DA6DE27000A4936 = {
						CreatedOnToolsVersion = 8.0;
						DevelopmentTeam = 2GYBUXCHXY;
						ProvisioningStyle = Automatic;
					};
				};
			};
			buildConfigurationList = 69907DD31DA6DE27000A4936 /* Build configuration list for PBXProject "HabitReminder" */;
			compatibilityVersion = "Xcode 3.2";
			developmentRegion = English;
			hasScannedForEncodings = 0;
			knownRegions = (
				en,
				Base,
			);
			mainGroup = 69907DCF1DA6DE27000A4936;
			productRefGroup = 69907DD91DA6DE28000A4936 /* Products */;
			projectDirPath = "";
			projectRoot = "";
			targets = (
				69907DD71DA6DE27000A4936 /* HabitReminder */,
			);
		};
/* End PBXProject section */

/* Begin PBXResourcesBuildPhase section */
		69907DD61DA6DE27000A4936 /* Resources */ = {
			isa = PBXResourcesBuildPhase;
			buildActionMask = 2147483647;
			files = (
				69907DE91DA6DE28000A4936 /* LaunchScreen.storyboard in Resources */,
				69907DE61DA6DE28000A4936 /* Assets.xcassets in Resources */,
				69907DE11DA6DE28000A4936 /* Main.storyboard in Resources */,
			);
			runOnlyForDeploymentPostprocessing = 0;
		};
/* End PBXResourcesBuildPhase section */

/* Begin PBXSourcesBuildPhase section */
		69907DD41DA6DE27000A4936 /* Sources */ = {
			isa = PBXSourcesBuildPhase;
			buildActionMask = 2147483647;
			files = (
				69907DDE1DA6DE28000A4936 /* ViewController.swift in Sources */,
				69907DE41DA6DE28000A4936 /* HabitReminder.xcdatamodeld in Sources */,
				69907DDC1DA6DE28000A4936 /* AppDelegate.swift in Sources */,
			);
			runOnlyForDeploymentPostprocessing = 0;
		};
/* End PBXSourcesBuildPhase section */

/* Begin PBXVariantGroup section */
		69907DDF1DA6DE28000A4936 /* Main.storyboard */ = {
			isa = PBXVariantGroup;
			children = (
				69907DE01DA6DE28000A4936 /* Base */,
			);
			name = Main.storyboard;
			sourceTree = "<group>";
		};
		69907DE71DA6DE28000A4936 /* LaunchScreen.storyboard */ = {
			isa = PBXVariantGroup;
			children = (
				69907DE81DA6DE28000A4936 /* Base */,
			);
			name = LaunchScreen.storyboard;
			sourceTree = "<group>";
		};
/* End PBXVariantGroup section */

/* Begin XCBuildConfiguration section */
		69907DEB1DA6DE28000A4936 /* Debug */ = {
			isa = XCBuildConfiguration;
			buildSettings = {
				ALWAYS_SEARCH_USER_PATHS = NO;
				CLANG_ANALYZER_NONNULL = YES;
				CLANG_CXX_LANGUAGE_STANDARD = "gnu++0x";
				CLANG_CXX_LIBRARY = "libc++";
				CLANG_ENABLE_MODULES = YES;
				CLANG_ENABLE_OBJC_ARC = YES;
				CLANG_WARN_BOOL_CONVERSION = YES;
				CLANG_WARN_CONSTANT_CONVERSION = YES;
				CLANG_WARN_DIRECT_OBJC_ISA_USAGE = YES_ERROR;
				CLANG_WARN_DOCUMENTATION_COMMENTS = YES;
				CLANG_WARN_EMPTY_BODY = YES;
				CLANG_WARN_ENUM_CONVERSION = YES;
				CLANG_WARN_INFINITE_RECURSION = YES;
				CLANG_WARN_INT_CONVERSION = YES;
				CLANG_WARN_OBJC_ROOT_CLASS = YES_ERROR;
				CLANG_WARN_SUSPICIOUS_MOVES = YES;
				CLANG_WARN_UNREACHABLE_CODE = YES;
				CLANG_WARN__DUPLICATE_METHOD_MATCH = YES;
				"CODE_SIGN_IDENTITY[sdk=iphoneos*]" = "iPhone Developer";
				COPY_PHASE_STRIP = NO;
				DEBUG_INFORMATION_FORMAT = dwarf;
				ENABLE_STRICT_OBJC_MSGSEND = YES;
				ENABLE_TESTABILITY = YES;
				GCC_C_LANGUAGE_STANDARD = gnu99;
				GCC_DYNAMIC_NO_PIC = NO;
				GCC_NO_COMMON_BLOCKS = YES;
				GCC_OPTIMIZATION_LEVEL = 0;
				GCC_PREPROCESSOR_DEFINITIONS = (
					"DEBUG=1",
					"$(inherited)",
				);
				GCC_WARN_64_TO_32_BIT_CONVERSION = YES;
				GCC_WARN_ABOUT_RETURN_TYPE = YES_ERROR;
				GCC_WARN_UNDECLARED_SELECTOR = YES;
				GCC_WARN_UNINITIALIZED_AUTOS = YES_AGGRESSIVE;
				GCC_WARN_UNUSED_FUNCTION = YES;
				GCC_WARN_UNUSED_VARIABLE = YES;
				IPHONEOS_DEPLOYMENT_TARGET = 10.0;
				MTL_ENABLE_DEBUG_INFO = YES;
				ONLY_ACTIVE_ARCH = YES;
				SDKROOT = iphoneos;
				SWIFT_ACTIVE_COMPILATION_CONDITIONS = DEBUG;
				SWIFT_OPTIMIZATION_LEVEL = "-Onone";
				TARGETED_DEVICE_FAMILY = "1,2";
			};
			name = Debug;
		};
		69907DEC1DA6DE28000A4936 /* Release */ = {
			isa = XCBuildConfiguration;
			buildSettings = {
				ALWAYS_SEARCH_USER_PATHS = NO;
				CLANG_ANALYZER_NONNULL = YES;
				CLANG_CXX_LANGUAGE_STANDARD = "gnu++0x";
				CLANG_CXX_LIBRARY = "libc++";
				CLANG_ENABLE_MODULES = YES;
				CLANG_ENABLE_OBJC_ARC = YES;
				CLANG_WARN_BOOL_CONVERSION = YES;
				CLANG_WARN_CONSTANT_CONVERSION = YES;
				CLANG_WARN_DIRECT_OBJC_ISA_USAGE = YES_ERROR;
				CLANG_WARN_DOCUMENTATION_COMMENTS = YES;
				CLANG_WARN_EMPTY_BODY = YES;
				CLANG_WARN_ENUM_CONVERSION = YES;
				CLANG_WARN_INFINITE_RECURSION = YES;
				CLANG_WARN_INT_CONVERSION = YES;
				CLANG_WARN_OBJC_ROOT_CLASS = YES_ERROR;
				CLANG_WARN_SUSPICIOUS_MOVES = YES;
				CLANG_WARN_UNREACHABLE_CODE = YES;
				CLANG_WARN__DUPLICATE_METHOD_MATCH = YES;
				"CODE_SIGN_IDENTITY[sdk=iphoneos*]" = "iPhone Developer";
				COPY_PHASE_STRIP = NO;
				DEBUG_INFORMATION_FORMAT = "dwarf-with-dsym";
				ENABLE_NS_ASSERTIONS = NO;
				ENABLE_STRICT_OBJC_MSGSEND = YES;
				GCC_C_LANGUAGE_STANDARD = gnu99;
				GCC_NO_COMMON_BLOCKS = YES;
				GCC_WARN_64_TO_32_BIT_CONVERSION = YES;
				GCC_WARN_ABOUT_RETURN_TYPE = YES_ERROR;
				GCC_WARN_UNDECLARED_SELECTOR = YES;
				GCC_WARN_UNINITIALIZED_AUTOS = YES_AGGRESSIVE;
				GCC_WARN_UNUSED_FUNCTION = YES;
				GCC_WARN_UNUSED_VARIABLE = YES;
				IPHONEOS_DEPLOYMENT_TARGET = 10.0;
				MTL_ENABLE_DEBUG_INFO = NO;
				SDKROOT = iphoneos;
				SWIFT_OPTIMIZATION_LEVEL = "-Owholemodule";
				TARGETED_DEVICE_FAMILY = "1,2";
				VALIDATE_PRODUCT = YES;
			};
			name = Release;
		};
		69907DEE1DA6DE28000A4936 /* Debug */ = {
			isa = XCBuildConfiguration;
			buildSettings = {
				ASSETCATALOG_COMPILER_APPICON_NAME = AppIcon;
				DEVELOPMENT_TEAM = 2GYBUXCHXY;
				INFOPLIST_FILE = HabitReminder/Info.plist;
				LD_RUNPATH_SEARCH_PATHS = "$(inherited) @executable_path/Frameworks";
				PRODUCT_BUNDLE_IDENTIFIER = jay.HabitReminder;
				PRODUCT_NAME = "$(TARGET_NAME)";
				SWIFT_VERSION = 3.0;
			};
			name = Debug;
		};
		69907DEF1DA6DE28000A4936 /* Release */ = {
			isa = XCBuildConfiguration;
			buildSettings = {
				ASSETCATALOG_COMPILER_APPICON_NAME = AppIcon;
				DEVELOPMENT_TEAM = 2GYBUXCHXY;
				INFOPLIST_FILE = HabitReminder/Info.plist;
				LD_RUNPATH_SEARCH_PATHS = "$(inherited) @executable_path/Frameworks";
				PRODUCT_BUNDLE_IDENTIFIER = jay.HabitReminder;
				PRODUCT_NAME = "$(TARGET_NAME)";
				SWIFT_VERSION = 3.0;
			};
			name = Release;
		};
/* End XCBuildConfiguration section */

/* Begin XCConfigurationList section */
		69907DD31DA6DE27000A4936 /* Build configuration list for PBXProject "HabitReminder" */ = {
			isa = XCConfigurationList;
			buildConfigurations = (
				69907DEB1DA6DE28000A4936 /* Debug */,
				69907DEC1DA6DE28000A4936 /* Release */,
			);
			defaultConfigurationIsVisible = 0;
			defaultConfigurationName = Release;
		};
		69907DED1DA6DE28000A4936 /* Build configuration list for PBXNativeTarget "HabitReminder" */ = {
			isa = XCConfigurationList;
			buildConfigurations = (
				69907DEE1DA6DE28000A4936 /* Debug */,
				69907DEF1DA6DE28000A4936 /* Release */,
			);
			defaultConfigurationIsVisible = 0;
		};
/* End XCConfigurationList section */

/* Begin XCVersionGroup section */
		69907DE21DA6DE28000A4936 /* HabitReminder.xcdatamodeld */ = {
			isa = XCVersionGroup;
			children = (
				69907DE31DA6DE28000A4936 /* HabitReminder.xcdatamodel */,
			);
			currentVersion = 69907DE31DA6DE28000A4936 /* HabitReminder.xcdatamodel */;
			path = HabitReminder.xcdatamodeld;
			sourceTree = "<group>";
			versionGroupType = wrapper.xcdatamodel;
		};
/* End XCVersionGroup section */
	};
	rootObject = 69907DD01DA6DE27000A4936 /* Project object */;
}
